
Microsoft Visual Studio Solution File, Format Version 12.00
# Visual Studio Version 17
VisualStudioVersion = 17.10.34928.147
MinimumVisualStudioVersion = 10.0.40219.1
Project("{FAE04EC0-301F-11D3-BF4B-00C04F79EFBC}") = "TaskManager.API", "TaskManager.API\TaskManager.API.csproj", "{2C75726F-156F-484F-A57B-A008C399A985}"
EndProject
Project("{FAE04EC0-301F-11D3-BF4B-00C04F79EFBC}") = "TaskManager.Application", "TaskManager.Application\TaskManager.Application.csproj", "{4D2CB873-8CC5-435A-AB63-7A9A1E4080A7}"
EndProject
Project("{FAE04EC0-301F-11D3-BF4B-00C04F79EFBC}") = "TaskManager.Communication", "TaskManager.Communication\TaskManager.Communication.csproj", "{DE506DFC-62E3-4C4F-B9FC-48CBBC0D8AEF}"
EndProject
Global
	GlobalSection(SolutionConfigurationPlatforms) = preSolution
		Debug|Any CPU = Debug|Any CPU
		Release|Any CPU = Release|Any CPU
	EndGlobalSection
	GlobalSection(ProjectConfigurationPlatforms) = postSolution
		{2C75726F-156F-484F-A57B-A008C399A985}.Debug|Any CPU.ActiveCfg = Debug|Any CPU
		{2C75726F-156F-484F-A57B-A008C399A985}.Debug|Any CPU.Build.0 = Debug|Any CPU
		{2C75726F-156F-484F-A57B-A008C399A985}.Release|Any CPU.ActiveCfg = Release|Any CPU
		{2C75726F-156F-484F-A57B-A008C399A985}.Release|Any CPU.Build.0 = Release|Any CPU
		{4D2CB873-8CC5-435A-AB63-7A9A1E4080A7}.Debug|Any CPU.ActiveCfg = Debug|Any CPU
		{4D2CB873-8CC5-435A-AB63-7A9A1E4080A7}.Debug|Any CPU.Build.0 = Debug|Any CPU
		{4D2CB873-8CC5-435A-AB63-7A9A1E4080A7}.Release|Any CPU.ActiveCfg = Release|Any CPU
		{4D2CB873-8CC5-435A-AB63-7A9A1E4080A7}.Release|Any CPU.Build.0 = Release|Any CPU
		{DE506DFC-62E3-4C4F-B9FC-48CBBC0D8AEF}.Debug|Any CPU.ActiveCfg = Debug|Any CPU
		{DE506DFC-62E3-4C4F-B9FC-48CBBC0D8AEF}.Debug|Any CPU.Build.0 = Debug|Any CPU
		{DE506DFC-62E3-4C4F-B9FC-48CBBC0D8AEF}.Release|Any CPU.ActiveCfg = Release|Any CPU
		{DE506DFC-62E3-4C4F-B9FC-48CBBC0D8AEF}.Release|Any CPU.Build.0 = Release|Any CPU
	EndGlobalSection
	GlobalSection(SolutionProperties) = preSolution
		HideSolutionNode = FALSE
	EndGlobalSection
	GlobalSection(ExtensibilityGlobals) = postSolution
		SolutionGuid = {9D12C84F-C3EF-47CD-B8B5-6624117FDF58}
	EndGlobalSection
EndGlobal
